# This file is automatically @generated by Cargo.
# It is not intended for manual editing.
version = 4

[[package]]
name = "hyperwm-cli"
version = "0.1.0"

[[package]]
name = "hyperwm-config"
version = "0.1.0"
dependencies = [
 "hyperwm-core",
]

[[package]]
name = "hyperwm-core"
version = "0.1.0"

[[package]]
name = "hyperwm-daemon"
version = "0.1.0"
dependencies = [
 "hyperwm-config",
 "hyperwm-core",
 "hyperwm-macos",
]

[[package]]
name = "hyperwm-macos"
version = "0.1.0"
dependencies = [
 "hyperwm-core",
]
